
Microsoft Visual Studio Solution File, Format Version 12.00
# Visual Studio Version 16
VisualStudioVersion = 16.0.30711.63
MinimumVisualStudioVersion = 10.0.40219.1
Project("{FAE04EC0-301F-11D3-BF4B-00C04F79EFBC}") = "UI", "UI\UI.csproj", "{33F8A8A7-D284-47C5-A9D4-1CD6A2DBB26A}"
EndProject
Project("{FAE04EC0-301F-11D3-BF4B-00C04F79EFBC}") = "BL", "BL\BL.csproj", "{EA47BBF1-5B27-465E-A54F-A9F19D18AC38}"
EndProject
Project("{FAE04EC0-301F-11D3-BF4B-00C04F79EFBC}") = "APIDL", "APIDL\APIDL.csproj", "{BD24E365-A51D-41F1-8D80-FE4538136993}"
EndProject
Project("{FAE04EC0-301F-11D3-BF4B-00C04F79EFBC}") = "DS", "DS\DS.csproj", "{0AC82328-E317-4E65-801D-FCF764676FBA}"
EndProject
Project("{2150E333-8FDC-42A3-9474-1A3956D46DE8}") = "solution items", "solution items", "{385643C3-9772-48D5-92CC-571D15EA35B9}"
	ProjectSection(SolutionItems) = preProject
		bin\config.xml = bin\config.xml
	EndProjectSection
EndProject
Project("{FAE04EC0-301F-11D3-BF4B-00C04F79EFBC}") = "DalObject", "DalObject\DalObject.csproj", "{C40C39E3-79BF-4ECB-8277-C31D59C1AFF3}"
EndProject
Global
	GlobalSection(SolutionConfigurationPlatforms) = preSolution
		Debug|Any CPU = Debug|Any CPU
		Release|Any CPU = Release|Any CPU
	EndGlobalSection
	GlobalSection(ProjectConfigurationPlatforms) = postSolution
		{33F8A8A7-D284-47C5-A9D4-1CD6A2DBB26A}.Debug|Any CPU.ActiveCfg = Debug|Any CPU
		{33F8A8A7-D284-47C5-A9D4-1CD6A2DBB26A}.Debug|Any CPU.Build.0 = Debug|Any CPU
		{33F8A8A7-D284-47C5-A9D4-1CD6A2DBB26A}.Release|Any CPU.ActiveCfg = Release|Any CPU
		{33F8A8A7-D284-47C5-A9D4-1CD6A2DBB26A}.Release|Any CPU.Build.0 = Release|Any CPU
		{EA47BBF1-5B27-465E-A54F-A9F19D18AC38}.Debug|Any CPU.ActiveCfg = Debug|Any CPU
		{EA47BBF1-5B27-465E-A54F-A9F19D18AC38}.Debug|Any CPU.Build.0 = Debug|Any CPU
		{EA47BBF1-5B27-465E-A54F-A9F19D18AC38}.Release|Any CPU.ActiveCfg = Release|Any CPU
		{EA47BBF1-5B27-465E-A54F-A9F19D18AC38}.Release|Any CPU.Build.0 = Release|Any CPU
		{BD24E365-A51D-41F1-8D80-FE4538136993}.Debug|Any CPU.ActiveCfg = Debug|Any CPU
		{BD24E365-A51D-41F1-8D80-FE4538136993}.Debug|Any CPU.Build.0 = Debug|Any CPU
		{BD24E365-A51D-41F1-8D80-FE4538136993}.Release|Any CPU.ActiveCfg = Release|Any CPU
		{BD24E365-A51D-41F1-8D80-FE4538136993}.Release|Any CPU.Build.0 = Release|Any CPU
		{0AC82328-E317-4E65-801D-FCF764676FBA}.Debug|Any CPU.ActiveCfg = Debug|Any CPU
		{0AC82328-E317-4E65-801D-FCF764676FBA}.Debug|Any CPU.Build.0 = Debug|Any CPU
		{0AC82328-E317-4E65-801D-FCF764676FBA}.Release|Any CPU.ActiveCfg = Release|Any CPU
		{0AC82328-E317-4E65-801D-FCF764676FBA}.Release|Any CPU.Build.0 = Release|Any CPU
		{C40C39E3-79BF-4ECB-8277-C31D59C1AFF3}.Debug|Any CPU.ActiveCfg = Debug|Any CPU
		{C40C39E3-79BF-4ECB-8277-C31D59C1AFF3}.Debug|Any CPU.Build.0 = Debug|Any CPU
		{C40C39E3-79BF-4ECB-8277-C31D59C1AFF3}.Release|Any CPU.ActiveCfg = Release|Any CPU
		{C40C39E3-79BF-4ECB-8277-C31D59C1AFF3}.Release|Any CPU.Build.0 = Release|Any CPU
	EndGlobalSection
	GlobalSection(SolutionProperties) = preSolution
		HideSolutionNode = FALSE
	EndGlobalSection
	GlobalSection(ExtensibilityGlobals) = postSolution
		SolutionGuid = {5237EF87-5215-493D-A6AE-881C9AF32D7D}
	EndGlobalSection
EndGlobal
